
Microsoft Visual Studio Solution File, Format Version 12.00
# Visual Studio Version 17
VisualStudioVersion = 17.4.33205.214
MinimumVisualStudioVersion = 10.0.40219.1
Project("{8BC9CEB8-8B4A-11D0-8D11-00A0C91BC942}") = "20221226", "ConsoleApplication1\ConsoleApplication1.vcxproj", "{9FE91D33-706A-414E-926F-837CF89367C3}"
EndProject
Project("{8BC9CEB8-8B4A-11D0-8D11-00A0C91BC942}") = "ConsoleApplication2", "ConsoleApplication2\ConsoleApplication2.vcxproj", "{687B83F0-4FEB-4F99-BF3F-2377E8C29511}"
EndProject
Global
	GlobalSection(SolutionConfigurationPlatforms) = preSolution
		Debug|x64 = Debug|x64
		Debug|x86 = Debug|x86
		Release|x64 = Release|x64
		Release|x86 = Release|x86
	EndGlobalSection
	GlobalSection(ProjectConfigurationPlatforms) = postSolution
		{9FE91D33-706A-414E-926F-837CF89367C3}.Debug|x64.ActiveCfg = Debug|x64
		{9FE91D33-706A-414E-926F-837CF89367C3}.Debug|x64.Build.0 = Debug|x64
		{9FE91D33-706A-414E-926F-837CF89367C3}.Debug|x86.ActiveCfg = Debug|Win32
		{9FE91D33-706A-414E-926F-837CF89367C3}.Debug|x86.Build.0 = Debug|Win32
		{9FE91D33-706A-414E-926F-837CF89367C3}.Release|x64.ActiveCfg = Release|x64
		{9FE91D33-706A-414E-926F-837CF89367C3}.Release|x64.Build.0 = Release|x64
		{9FE91D33-706A-414E-926F-837CF89367C3}.Release|x86.ActiveCfg = Release|Win32
		{9FE91D33-706A-414E-926F-837CF89367C3}.Release|x86.Build.0 = Release|Win32
		{687B83F0-4FEB-4F99-BF3F-2377E8C29511}.Debug|x64.ActiveCfg = Debug|x64
		{687B83F0-4FEB-4F99-BF3F-2377E8C29511}.Debug|x64.Build.0 = Debug|x64
		{687B83F0-4FEB-4F99-BF3F-2377E8C29511}.Debug|x86.ActiveCfg = Debug|Win32
		{687B83F0-4FEB-4F99-BF3F-2377E8C29511}.Debug|x86.Build.0 = Debug|Win32
		{687B83F0-4FEB-4F99-BF3F-2377E8C29511}.Release|x64.ActiveCfg = Release|x64
		{687B83F0-4FEB-4F99-BF3F-2377E8C29511}.Release|x64.Build.0 = Release|x64
		{687B83F0-4FEB-4F99-BF3F-2377E8C29511}.Release|x86.ActiveCfg = Release|Win32
		{687B83F0-4FEB-4F99-BF3F-2377E8C29511}.Release|x86.Build.0 = Release|Win32
	EndGlobalSection
	GlobalSection(SolutionProperties) = preSolution
		HideSolutionNode = FALSE
	EndGlobalSection
	GlobalSection(ExtensibilityGlobals) = postSolution
		SolutionGuid = {A3B92F08-1702-4112-AD17-5E22BC5C7B42}
	EndGlobalSection
EndGlobal
