
Microsoft Visual Studio Solution File, Format Version 12.00
# Visual Studio Version 17
VisualStudioVersion = 17.4.33205.214
MinimumVisualStudioVersion = 10.0.40219.1
Project("{8BC9CEB8-8B4A-11D0-8D11-00A0C91BC942}") = "20221226", "20221226\20221226.vcxproj", "{F4230A93-4F2B-4725-8A29-546FCB73B1B8}"
EndProject
Project("{8BC9CEB8-8B4A-11D0-8D11-00A0C91BC942}") = "20221228", "20221228\20221228.vcxproj", "{3C7A1C3C-ACCB-4F1D-9EE0-75CA3695A1A0}"
EndProject
Project("{8BC9CEB8-8B4A-11D0-8D11-00A0C91BC942}") = "matplotlibExample", "matplotlibExample\matplotlibExample.vcxproj", "{0A5DF99C-658A-4148-B5E0-156F99CE445C}"
EndProject
Project("{8BC9CEB8-8B4A-11D0-8D11-00A0C91BC942}") = "20221229", "20221229\20221229.vcxproj", "{1572D642-D618-41CE-8F61-835D04008C01}"
EndProject
Project("{8BC9CEB8-8B4A-11D0-8D11-00A0C91BC942}") = "20230104", "20230104\20230104.vcxproj", "{1C2FFEF5-98D8-4B0A-95FB-3D395A3E6C96}"
EndProject
Global
	GlobalSection(SolutionConfigurationPlatforms) = preSolution
		Debug|x64 = Debug|x64
		Debug|x86 = Debug|x86
		Release|x64 = Release|x64
		Release|x86 = Release|x86
	EndGlobalSection
	GlobalSection(ProjectConfigurationPlatforms) = postSolution
		{F4230A93-4F2B-4725-8A29-546FCB73B1B8}.Debug|x64.ActiveCfg = Debug|x64
		{F4230A93-4F2B-4725-8A29-546FCB73B1B8}.Debug|x64.Build.0 = Debug|x64
		{F4230A93-4F2B-4725-8A29-546FCB73B1B8}.Debug|x86.ActiveCfg = Debug|Win32
		{F4230A93-4F2B-4725-8A29-546FCB73B1B8}.Debug|x86.Build.0 = Debug|Win32
		{F4230A93-4F2B-4725-8A29-546FCB73B1B8}.Release|x64.ActiveCfg = Release|x64
		{F4230A93-4F2B-4725-8A29-546FCB73B1B8}.Release|x64.Build.0 = Release|x64
		{F4230A93-4F2B-4725-8A29-546FCB73B1B8}.Release|x86.ActiveCfg = Release|Win32
		{F4230A93-4F2B-4725-8A29-546FCB73B1B8}.Release|x86.Build.0 = Release|Win32
		{3C7A1C3C-ACCB-4F1D-9EE0-75CA3695A1A0}.Debug|x64.ActiveCfg = Debug|x64
		{3C7A1C3C-ACCB-4F1D-9EE0-75CA3695A1A0}.Debug|x64.Build.0 = Debug|x64
		{3C7A1C3C-ACCB-4F1D-9EE0-75CA3695A1A0}.Debug|x86.ActiveCfg = Debug|Win32
		{3C7A1C3C-ACCB-4F1D-9EE0-75CA3695A1A0}.Debug|x86.Build.0 = Debug|Win32
		{3C7A1C3C-ACCB-4F1D-9EE0-75CA3695A1A0}.Release|x64.ActiveCfg = Release|x64
		{3C7A1C3C-ACCB-4F1D-9EE0-75CA3695A1A0}.Release|x64.Build.0 = Release|x64
		{3C7A1C3C-ACCB-4F1D-9EE0-75CA3695A1A0}.Release|x86.ActiveCfg = Release|Win32
		{3C7A1C3C-ACCB-4F1D-9EE0-75CA3695A1A0}.Release|x86.Build.0 = Release|Win32
		{0A5DF99C-658A-4148-B5E0-156F99CE445C}.Debug|x64.ActiveCfg = Debug|x64
		{0A5DF99C-658A-4148-B5E0-156F99CE445C}.Debug|x64.Build.0 = Debug|x64
		{0A5DF99C-658A-4148-B5E0-156F99CE445C}.Debug|x86.ActiveCfg = Debug|Win32
		{0A5DF99C-658A-4148-B5E0-156F99CE445C}.Debug|x86.Build.0 = Debug|Win32
		{0A5DF99C-658A-4148-B5E0-156F99CE445C}.Release|x64.ActiveCfg = Release|x64
		{0A5DF99C-658A-4148-B5E0-156F99CE445C}.Release|x64.Build.0 = Release|x64
		{0A5DF99C-658A-4148-B5E0-156F99CE445C}.Release|x86.ActiveCfg = Release|Win32
		{0A5DF99C-658A-4148-B5E0-156F99CE445C}.Release|x86.Build.0 = Release|Win32
		{1572D642-D618-41CE-8F61-835D04008C01}.Debug|x64.ActiveCfg = Debug|x64
		{1572D642-D618-41CE-8F61-835D04008C01}.Debug|x64.Build.0 = Debug|x64
		{1572D642-D618-41CE-8F61-835D04008C01}.Debug|x86.ActiveCfg = Debug|Win32
		{1572D642-D618-41CE-8F61-835D04008C01}.Debug|x86.Build.0 = Debug|Win32
		{1572D642-D618-41CE-8F61-835D04008C01}.Release|x64.ActiveCfg = Release|x64
		{1572D642-D618-41CE-8F61-835D04008C01}.Release|x64.Build.0 = Release|x64
		{1572D642-D618-41CE-8F61-835D04008C01}.Release|x86.ActiveCfg = Release|Win32
		{1572D642-D618-41CE-8F61-835D04008C01}.Release|x86.Build.0 = Release|Win32
		{1C2FFEF5-98D8-4B0A-95FB-3D395A3E6C96}.Debug|x64.ActiveCfg = Debug|x64
		{1C2FFEF5-98D8-4B0A-95FB-3D395A3E6C96}.Debug|x64.Build.0 = Debug|x64
		{1C2FFEF5-98D8-4B0A-95FB-3D395A3E6C96}.Debug|x86.ActiveCfg = Debug|Win32
		{1C2FFEF5-98D8-4B0A-95FB-3D395A3E6C96}.Debug|x86.Build.0 = Debug|Win32
		{1C2FFEF5-98D8-4B0A-95FB-3D395A3E6C96}.Release|x64.ActiveCfg = Release|x64
		{1C2FFEF5-98D8-4B0A-95FB-3D395A3E6C96}.Release|x64.Build.0 = Release|x64
		{1C2FFEF5-98D8-4B0A-95FB-3D395A3E6C96}.Release|x86.ActiveCfg = Release|Win32
		{1C2FFEF5-98D8-4B0A-95FB-3D395A3E6C96}.Release|x86.Build.0 = Release|Win32
	EndGlobalSection
	GlobalSection(SolutionProperties) = preSolution
		HideSolutionNode = FALSE
	EndGlobalSection
	GlobalSection(ExtensibilityGlobals) = postSolution
		SolutionGuid = {3E86FD99-7293-4058-A254-EC9F73B0EDB7}
	EndGlobalSection
EndGlobal
